// !$*UTF8*$!
{
	archiveVersion = 1;
	classes = {
	};
	objectVersion = 77;
	objects = {

/* Begin PBXBuildFile section */
		8CA619602FC5600000099925 /* App in Frameworks */ = {isa = PBXBuildFile; productRef = 8CA619622FC5600000099925 /* App */; };
/* End PBXBuildFile section */

/* Begin PBXContainerItemProxy section */
		8CA619402FC51E8700099925 /* PBXContainerItemProxy */ = {
			isa = PBXContainerItemProxy;
			containerPortal = 8CA6192A2FC51E8600099925 /* Project object */;
			proxyType = 1;
			remoteGlobalIDString = 8CA619312FC51E8600099925;
			remoteInfo = DeliveryMix;
		};
		8CA6194A2FC51E8700099925 /* PBXContainerItemProxy */ = {
			isa = PBXContainerItemProxy;
			containerPortal = 8CA6192A2FC51E8600099925 /* Project object */;
			proxyType = 1;
			remoteGlobalIDString = 8CA619312FC51E8600099925;
			remoteInfo = DeliveryMix;
		};
/* End PBXContainerItemProxy section */

/* Begin PBXFileReference section */
		8CA619322FC51E8600099925 /* DeliveryMix.app */ = {isa = PBXFileReference; explicitFileType = wrapper.application; includeInIndex = 0; path = DeliveryMix.app; sourceTree = BUILT_PRODUCTS_DIR; };
		8CA6193F2FC51E8700099925 /* DeliveryMixTests.xctest */ = {isa = PBXFileReference; explicitFileType = wrapper.cfbundle; includeInIndex = 0; path = DeliveryMixTests.xctest; sourceTree = BUILT_PRODUCTS_DIR; };
		8CA619492FC51E8700099925 /* DeliveryMixUITests.xctest */ = {isa = PBXFileReference; explicitFileType = wrapper.cfbundle; includeInIndex = 0; path = DeliveryMixUITests.xctest; sourceTree = BUILT_PRODUCTS_DIR; };
/* End PBXFileReference section */

/* Begin PBXFileSystemSynchronizedRootGroup section */
		8CA619342FC51E8600099925 /* DeliveryMix */ = {
			isa = PBXFileSystemSynchronizedRootGroup;
			path = DeliveryMix;
			sourceTree = "<group>";
		};
		8CA619422FC51E8700099925 /* DeliveryMixTests */ = {
			isa = PBXFileSystemSynchronizedRootGroup;
			path = DeliveryMixTests;
			sourceTree = "<group>";
		};
		8CA6194C2FC51E8700099925 /* DeliveryMixUITests */ = {
			isa = PBXFileSystemSynchronizedRootGroup;
			path = DeliveryMixUITests;
			sourceTree = "<group>";
		};
/* End PBXFileSystemSynchronizedRootGroup section */

/* Begin PBXFrameworksBuildPhase section */
		8CA6192F2FC51E8600099925 /* Frameworks */ = {
			isa = PBXFrameworksBuildPhase;
			buildActionMask = 2147483647;
			files = (
				8CA619602FC5600000099925 /* App in Frameworks */,
			);
			runOnlyForDeploymentPostprocessing = 0;
		};
		8CA6193C2FC51E8700099925 /* Frameworks */ = {
			isa = PBXFrameworksBuildPhase;
			buildActionMask = 2147483647;
			files = (
			);
			runOnlyForDeploymentPostprocessing = 0;
		};
		8CA619462FC51E8700099925 /* Frameworks */ = {
			isa = PBXFrameworksBuildPhase;
			buildActionMask = 2147483647;
			files = (
			);
			runOnlyForDeploymentPostprocessing = 0;
		};
/* End PBXFrameworksBuildPhase section */

/* Begin PBXGroup section */
		8CA619292FC51E8600099925 = {
			isa = PBXGroup;
			children = (
				8CA619342FC51E8600099925 /* DeliveryMix */,
				8CA619422FC51E8700099925 /* DeliveryMixTests */,
				8CA6194C2FC51E8700099925 /* DeliveryMixUITests */,
				8CA619332FC51E8600099925 /* Products */,
			);
			sourceTree = "<group>";
		};
		8CA619332FC51E8600099925 /* Products */ = {
			isa = PBXGroup;
			children = (
				8CA619322FC51E8600099925 /* DeliveryMix.app */,
				8CA6193F2FC51E8700099925 /* DeliveryMixTests.xctest */,
				8CA619492FC51E8700099925 /* DeliveryMixUITests.xctest */,
			);
			name = Products;
			sourceTree = "<group>";
		};
/* End PBXGroup section */

/* Begin PBXNativeTarget section */
		8CA619312FC51E8600099925 /* DeliveryMix */ = {
			isa = PBXNativeTarget;
			buildConfigurationList = 8CA619532FC51E8700099925 /* Build configuration list for PBXNativeTarget "DeliveryMix" */;
			buildPhases = (
				8CA6192E2FC51E8600099925 /* Sources */,
				8CA6192F2FC51E8600099925 /* Frameworks */,
				8CA619302FC51E8600099925 /* Resources */,
			);
			buildRules = (
			);
			dependencies = (
			);
			fileSystemSynchronizedGroups = (
				8CA619342FC51E8600099925 /* DeliveryMix */,
			);
			name = DeliveryMix;
			packageProductDependencies = (
				8CA619622FC5600000099925 /* App */,
			);
			productName = DeliveryMix;
			productReference = 8CA619322FC51E8600099925 /* DeliveryMix.app */;
			productType = "com.apple.product-type.application";
		};
		8CA6193E2FC51E8700099925 /* DeliveryMixTests */ = {
			isa = PBXNativeTarget;
			buildConfigurationList = 8CA619562FC51E8700099925 /* Build configuration list for PBXNativeTarget "DeliveryMixTests" */;
			buildPhases = (
				8CA6193B2FC51E8700099925 /* Sources */,
				8CA6193C2FC51E8700099925 /* Frameworks */,
				8CA6193D2FC51E8700099925 /* Resources */,
			);
			buildRules = (
			);
			dependencies = (
				8CA619412FC51E8700099925 /* PBXTargetDependency */,
			);
			fileSystemSynchronizedGroups = (
				8CA619422FC51E8700099925 /* DeliveryMixTests */,
			);
			name = DeliveryMixTests;
			packageProductDependencies = (
			);
			productName = DeliveryMixTests;
			productReference = 8CA6193F2FC51E8700099925 /* DeliveryMixTests.xctest */;
			productType = "com.apple.product-type.bundle.unit-test";
		};
		8CA619482FC51E8700099925 /* DeliveryMixUITests */ = {
			isa = PBXNativeTarget;
			buildConfigurationList = 8CA619592FC51E8700099925 /* Build configuration list for PBXNativeTarget "DeliveryMixUITests" */;
			buildPhases = (
				8CA619452FC51E8700099925 /* Sources */,
				8CA619462FC51E8700099925 /* Frameworks */,
				8CA619472FC51E8700099925 /* Resources */,
			);
			buildRules = (
			);
			dependencies = (
				8CA6194B2FC51E8700099925 /* PBXTargetDependency */,
			);
			fileSystemSynchronizedGroups = (
				8CA6194C2FC51E8700099925 /* DeliveryMixUITests */,
			);
			name = DeliveryMixUITests;
			packageProductDependencies = (
			);
			productName = DeliveryMixUITests;
			productReference = 8CA619492FC51E8700099925 /* DeliveryMixUITests.xctest */;
			productType = "com.apple.product-type.bundle.ui-testing";
		};
/* End PBXNativeTarget section */

/* Begin PBXProject section */
		8CA6192A2FC51E8600099925 /* Project object */ = {
			isa = PBXProject;
			attributes = {
				BuildIndependentTargetsInParallel = 1;
				LastSwiftUpdateCheck = 2620;
				LastUpgradeCheck = 2620;
				TargetAttributes = {
					8CA619312FC51E8600099925 = {
						CreatedOnToolsVersion = 26.2;
					};
					8CA6193E2FC51E8700099925 = {
						CreatedOnToolsVersion = 26.2;
						TestTargetID = 8CA619312FC51E8600099925;
					};
					8CA619482FC51E8700099925 = {
						CreatedOnToolsVersion = 26.2;
						TestTargetID = 8CA619312FC51E8600099925;
					};
				};
			};
			buildConfigurationList = 8CA6192D2FC51E8600099925 /* Build configuration list for PBXProject "DeliveryMix" */;
			developmentRegion = en;
			hasScannedForEncodings = 0;
			knownRegions = (
				en,
				Base,
			);
			mainGroup = 8CA619292FC51E8600099925;
			minimizedProjectReferenceProxies = 1;
			packageReferences = (
				8CA619612FC5600000099925 /* XCLocalSwiftPackageReference "App" */,
			);
			preferredProjectObjectVersion = 77;
			productRefGroup = 8CA619332FC51E8600099925 /* Products */;
			projectDirPath = "";
			projectRoot = "";
			targets = (
				8CA619312FC51E8600099925 /* DeliveryMix */,
				8CA6193E2FC51E8700099925 /* DeliveryMixTests */,
				8CA619482FC51E8700099925 /* DeliveryMixUITests */,
			);
		};
/* End PBXProject section */

/* Begin PBXResourcesBuildPhase section */
		8CA619302FC51E8600099925 /* Resources */ = {
			isa = PBXResourcesBuildPhase;
			buildActionMask = 2147483647;
			files = (
			);
			runOnlyForDeploymentPostprocessing = 0;
		};
		8CA6193D2FC51E8700099925 /* Resources */ = {
			isa = PBXResourcesBuildPhase;
			buildActionMask = 2147483647;
			files = (
			);
			runOnlyForDeploymentPostprocessing = 0;
		};
		8CA619472FC51E8700099925 /* Resources */ = {
			isa = PBXResourcesBuildPhase;
			buildActionMask = 2147483647;
			files = (
			);
			runOnlyForDeploymentPostprocessing = 0;
		};
/* End PBXResourcesBuildPhase section */

/* Begin PBXSourcesBuildPhase section */
		8CA6192E2FC51E8600099925 /* Sources */ = {
			isa = PBXSourcesBuildPhase;
			buildActionMask = 2147483647;
			files = (
			);
			runOnlyForDeploymentPostprocessing = 0;
		};
		8CA6193B2FC51E8700099925 /* Sources */ = {
			isa = PBXSourcesBuildPhase;
			buildActionMask = 2147483647;
			files = (
			);
			runOnlyForDeploymentPostprocessing = 0;
		};
		8CA619452FC51E8700099925 /* Sources */ = {
			isa = PBXSourcesBuildPhase;
			buildActionMask = 2147483647;
			files = (
			);
			runOnlyForDeploymentPostprocessing = 0;
		};
/* End PBXSourcesBuildPhase section */

/* Begin PBXTargetDependency section */
		8CA619412FC51E8700099925 /* PBXTargetDependency */ = {
			isa = PBXTargetDependency;
			target = 8CA619312FC51E8600099925 /* DeliveryMix */;
			targetProxy = 8CA619402FC51E8700099925 /* PBXContainerItemProxy */;
		};
		8CA6194B2FC51E8700099925 /* PBXTargetDependency */ = {
			isa = PBXTargetDependency;
			target = 8CA619312FC51E8600099925 /* DeliveryMix */;
			targetProxy = 8CA6194A2FC51E8700099925 /* PBXContainerItemProxy */;
		};
/* End PBXTargetDependency section */

/* Begin XCBuildConfiguration section */
		8CA619512FC51E8700099925 /* Debug */ = {
			isa = XCBuildConfiguration;
			buildSettings = {
				ALWAYS_SEARCH_USER_PATHS = NO;
				ASSETCATALOG_COMPILER_GENERATE_SWIFT_ASSET_SYMBOL_EXTENSIONS = YES;
				CLANG_ANALYZER_NONNULL = YES;
				CLANG_ANALYZER_NUMBER_OBJECT_CONVERSION = YES_AGGRESSIVE;
				CLANG_CXX_LANGUAGE_STANDARD = "gnu++20";
				CLANG_ENABLE_MODULES = YES;
				CLANG_ENABLE_OBJC_ARC = YES;
				CLANG_ENABLE_OBJC_WEAK = YES;
				CLANG_WARN_BLOCK_CAPTURE_AUTORELEASING = YES;
				CLANG_WARN_BOOL_CONVERSION = YES;
				CLANG_WARN_COMMA = YES;
				CLANG_WARN_CONSTANT_CONVERSION = YES;
				CLANG_WARN_DEPRECATED_OBJC_IMPLEMENTATIONS = YES;
				CLANG_WARN_DIRECT_OBJC_ISA_USAGE = YES_ERROR;
				CLANG_WARN_DOCUMENTATION_COMMENTS = YES;
				CLANG_WARN_EMPTY_BODY = YES;
				CLANG_WARN_ENUM_CONVERSION = YES;
				CLANG_WARN_INFINITE_RECURSION = YES;
				CLANG_WARN_INT_CONVERSION = YES;
				CLANG_WARN_NON_LITERAL_NULL_CONVERSION = YES;
				CLANG_WARN_OBJC_IMPLICIT_RETAIN_SELF = YES;
				CLANG_WARN_OBJC_LITERAL_CONVERSION = YES;
				CLANG_WARN_OBJC_ROOT_CLASS = YES_ERROR;
				CLANG_WARN_QUOTED_INCLUDE_IN_FRAMEWORK_HEADER = YES;
				CLANG_WARN_RANGE_LOOP_ANALYSIS = YES;
				CLANG_WARN_STRICT_PROTOTYPES = YES;
				CLANG_WARN_SUSPICIOUS_MOVE = YES;
				CLANG_WARN_UNGUARDED_AVAILABILITY = YES_AGGRESSIVE;
				CLANG_WARN_UNREACHABLE_CODE = YES;
				CLANG_WARN__DUPLICATE_METHOD_MATCH = YES;
				COPY_PHASE_STRIP = NO;
				DEBUG_INFORMATION_FORMAT = dwarf;
				ENABLE_STRICT_OBJC_MSGSEND = YES;
				ENABLE_TESTABILITY = YES;
				ENABLE_USER_SCRIPT_SANDBOXING = YES;
				GCC_C_LANGUAGE_STANDARD = gnu17;
				GCC_DYNAMIC_NO_PIC = NO;
				GCC_NO_COMMON_BLOCKS = YES;
				GCC_OPTIMIZATION_LEVEL = 0;
				GCC_PREPROCESSOR_DEFINITIONS = (
					"DEBUG=1",
					"$(inherited)",
				);
				GCC_WARN_64_TO_32_BIT_CONVERSION = YES;
				GCC_WARN_ABOUT_RETURN_TYPE = YES_ERROR;
				GCC_WARN_UNDECLARED_SELECTOR = YES;
				GCC_WARN_UNINITIALIZED_AUTOS = YES_AGGRESSIVE;
				GCC_WARN_UNUSED_FUNCTION = YES;
				GCC_WARN_UNUSED_VARIABLE = YES;
				IPHONEOS_DEPLOYMENT_TARGET = 26.2;
				LOCALIZATION_PREFERS_STRING_CATALOGS = YES;
				MTL_ENABLE_DEBUG_INFO = INCLUDE_SOURCE;
				MTL_FAST_MATH = YES;
				ONLY_ACTIVE_ARCH = YES;
				SDKROOT = iphoneos;
				SWIFT_ACTIVE_COMPILATION_CONDITIONS = "DEBUG $(inherited)";
				SWIFT_OPTIMIZATION_LEVEL = "-Onone";
			};
			name = Debug;
		};
		8CA619522FC51E8700099925 /* Release */ = {
			isa = XCBuildConfiguration;
			buildSettings = {
				ALWAYS_SEARCH_USER_PATHS = NO;
				ASSETCATALOG_COMPILER_GENERATE_SWIFT_ASSET_SYMBOL_EXTENSIONS = YES;
				CLANG_ANALYZER_NONNULL = YES;
				CLANG_ANALYZER_NUMBER_OBJECT_CONVERSION = YES_AGGRESSIVE;
				CLANG_CXX_LANGUAGE_STANDARD = "gnu++20";
				CLANG_ENABLE_MODULES = YES;
				CLANG_ENABLE_OBJC_ARC = YES;
				CLANG_ENABLE_OBJC_WEAK = YES;
				CLANG_WARN_BLOCK_CAPTURE_AUTORELEASING = YES;
				CLANG_WARN_BOOL_CONVERSION = YES;
				CLANG_WARN_COMMA = YES;
				CLANG_WARN_CONSTANT_CONVERSION = YES;
				CLANG_WARN_DEPRECATED_OBJC_IMPLEMENTATIONS = YES;
				CLANG_WARN_DIRECT_OBJC_ISA_USAGE = YES_ERROR;
				CLANG_WARN_DOCUMENTATION_COMMENTS = YES;
				CLANG_WARN_EMPTY_BODY = YES;
				CLANG_WARN_ENUM_CONVERSION = YES;
				CLANG_WARN_INFINITE_RECURSION = YES;
				CLANG_WARN_INT_CONVERSION = YES;
				CLANG_WARN_NON_LITERAL_NULL_CONVERSION = YES;
				CLANG_WARN_OBJC_IMPLICIT_RETAIN_SELF = YES;
				CLANG_WARN_OBJC_LITERAL_CONVERSION = YES;
				CLANG_WARN_OBJC_ROOT_CLASS = YES_ERROR;
				CLANG_WARN_QUOTED_INCLUDE_IN_FRAMEWORK_HEADER = YES;
				CLANG_WARN_RANGE_LOOP_ANALYSIS = YES;
				CLANG_WARN_STRICT_PROTOTYPES = YES;
				CLANG_WARN_SUSPICIOUS_MOVE = YES;
				CLANG_WARN_UNGUARDED_AVAILABILITY = YES_AGGRESSIVE;
				CLANG_WARN_UNREACHABLE_CODE = YES;
				CLANG_WARN__DUPLICATE_METHOD_MATCH = YES;
				COPY_PHASE_STRIP = NO;
				DEBUG_INFORMATION_FORMAT = "dwarf-with-dsym";
				ENABLE_NS_ASSERTIONS = NO;
				ENABLE_STRICT_OBJC_MSGSEND = YES;
				ENABLE_USER_SCRIPT_SANDBOXING = YES;
				GCC_C_LANGUAGE_STANDARD = gnu17;
				GCC_NO_COMMON_BLOCKS = YES;
				GCC_WARN_64_TO_32_BIT_CONVERSION = YES;
				GCC_WARN_ABOUT_RETURN_TYPE = YES_ERROR;
				GCC_WARN_UNDECLARED_SELECTOR = YES;
				GCC_WARN_UNINITIALIZED_AUTOS = YES_AGGRESSIVE;
				GCC_WARN_UNUSED_FUNCTION = YES;
				GCC_WARN_UNUSED_VARIABLE = YES;
				IPHONEOS_DEPLOYMENT_TARGET = 26.2;
				LOCALIZATION_PREFERS_STRING_CATALOGS = YES;
				MTL_ENABLE_DEBUG_INFO = NO;
				MTL_FAST_MATH = YES;
				SDKROOT = iphoneos;
				SWIFT_COMPILATION_MODE = wholemodule;
				VALIDATE_PRODUCT = YES;
			};
			name = Release;
		};
		8CA619542FC51E8700099925 /* Debug */ = {
			isa = XCBuildConfiguration;
			buildSettings = {
				ASSETCATALOG_COMPILER_APPICON_NAME = AppIcon;
				ASSETCATALOG_COMPILER_GLOBAL_ACCENT_COLOR_NAME = AccentColor;
				CODE_SIGN_STYLE = Automatic;
				CURRENT_PROJECT_VERSION = 1;
				ENABLE_PREVIEWS = YES;
				GENERATE_INFOPLIST_FILE = YES;
				INFOPLIST_KEY_UIApplicationSceneManifest_Generation = YES;
				INFOPLIST_KEY_UIApplicationSupportsIndirectInputEvents = YES;
				INFOPLIST_KEY_UILaunchScreen_Generation = YES;
				INFOPLIST_KEY_UISupportedInterfaceOrientations_iPad = "UIInterfaceOrientationPortrait UIInterfaceOrientationPortraitUpsideDown UIInterfaceOrientationLandscapeLeft UIInterfaceOrientationLandscapeRight";
				INFOPLIST_KEY_UISupportedInterfaceOrientations_iPhone = "UIInterfaceOrientationPortrait UIInterfaceOrientationLandscapeLeft UIInterfaceOrientationLandscapeRight";
				LD_RUNPATH_SEARCH_PATHS = (
					"$(inherited)",
					"@executable_path/Frameworks",
				);
				MARKETING_VERSION = 1.0;
				PRODUCT_BUNDLE_IDENTIFIER = com.jarcos.DeliveryMix;
				PRODUCT_NAME = "$(TARGET_NAME)";
				STRING_CATALOG_GENERATE_SYMBOLS = YES;
				SWIFT_APPROACHABLE_CONCURRENCY = YES;
				SWIFT_DEFAULT_ACTOR_ISOLATION = MainActor;
				SWIFT_EMIT_LOC_STRINGS = YES;
				SWIFT_UPCOMING_FEATURE_MEMBER_IMPORT_VISIBILITY = YES;
				SWIFT_VERSION = 5.0;
				TARGETED_DEVICE_FAMILY = "1,2";
			};
			name = Debug;
		};
		8CA619552FC51E8700099925 /* Release */ = {
			isa = XCBuildConfiguration;
			buildSettings = {
				ASSETCATALOG_COMPILER_APPICON_NAME = AppIcon;
				ASSETCATALOG_COMPILER_GLOBAL_ACCENT_COLOR_NAME = AccentColor;
				CODE_SIGN_STYLE = Automatic;
				CURRENT_PROJECT_VERSION = 1;
				ENABLE_PREVIEWS = YES;
				GENERATE_INFOPLIST_FILE = YES;
				INFOPLIST_KEY_UIApplicationSceneManifest_Generation = YES;
				INFOPLIST_KEY_UIApplicationSupportsIndirectInputEvents = YES;
				INFOPLIST_KEY_UILaunchScreen_Generation = YES;
				INFOPLIST_KEY_UISupportedInterfaceOrientations_iPad = "UIInterfaceOrientationPortrait UIInterfaceOrientationPortraitUpsideDown UIInterfaceOrientationLandscapeLeft UIInterfaceOrientationLandscapeRight";
				INFOPLIST_KEY_UISupportedInterfaceOrientations_iPhone = "UIInterfaceOrientationPortrait UIInterfaceOrientationLandscapeLeft UIInterfaceOrientationLandscapeRight";
				LD_RUNPATH_SEARCH_PATHS = (
					"$(inherited)",
					"@executable_path/Frameworks",
				);
				MARKETING_VERSION = 1.0;
				PRODUCT_BUNDLE_IDENTIFIER = com.jarcos.DeliveryMix;
				PRODUCT_NAME = "$(TARGET_NAME)";
				STRING_CATALOG_GENERATE_SYMBOLS = YES;
				SWIFT_APPROACHABLE_CONCURRENCY = YES;
				SWIFT_DEFAULT_ACTOR_ISOLATION = MainActor;
				SWIFT_EMIT_LOC_STRINGS = YES;
				SWIFT_UPCOMING_FEATURE_MEMBER_IMPORT_VISIBILITY = YES;
				SWIFT_VERSION = 5.0;
				TARGETED_DEVICE_FAMILY = "1,2";
			};
			name = Release;
		};
		8CA619572FC51E8700099925 /* Debug */ = {
			isa = XCBuildConfiguration;
			buildSettings = {
				BUNDLE_LOADER = "$(TEST_HOST)";
				CODE_SIGN_STYLE = Automatic;
				CURRENT_PROJECT_VERSION = 1;
				GENERATE_INFOPLIST_FILE = YES;
				IPHONEOS_DEPLOYMENT_TARGET = 26.2;
				MARKETING_VERSION = 1.0;
				PRODUCT_BUNDLE_IDENTIFIER = com.jarcos.DeliveryMixTests;
				PRODUCT_NAME = "$(TARGET_NAME)";
				STRING_CATALOG_GENERATE_SYMBOLS = NO;
				SWIFT_APPROACHABLE_CONCURRENCY = YES;
				SWIFT_EMIT_LOC_STRINGS = NO;
				SWIFT_UPCOMING_FEATURE_MEMBER_IMPORT_VISIBILITY = YES;
				SWIFT_VERSION = 5.0;
				TARGETED_DEVICE_FAMILY = "1,2";
				TEST_HOST = "$(BUILT_PRODUCTS_DIR)/DeliveryMix.app/$(BUNDLE_EXECUTABLE_FOLDER_PATH)/DeliveryMix";
			};
			name = Debug;
		};
		8CA619582FC51E8700099925 /* Release */ = {
			isa = XCBuildConfiguration;
			buildSettings = {
				BUNDLE_LOADER = "$(TEST_HOST)";
				CODE_SIGN_STYLE = Automatic;
				CURRENT_PROJECT_VERSION = 1;
				GENERATE_INFOPLIST_FILE = YES;
				IPHONEOS_DEPLOYMENT_TARGET = 26.2;
				MARKETING_VERSION = 1.0;
				PRODUCT_BUNDLE_IDENTIFIER = com.jarcos.DeliveryMixTests;
				PRODUCT_NAME = "$(TARGET_NAME)";
				STRING_CATALOG_GENERATE_SYMBOLS = NO;
				SWIFT_APPROACHABLE_CONCURRENCY = YES;
				SWIFT_EMIT_LOC_STRINGS = NO;
				SWIFT_UPCOMING_FEATURE_MEMBER_IMPORT_VISIBILITY = YES;
				SWIFT_VERSION = 5.0;
				TARGETED_DEVICE_FAMILY = "1,2";
				TEST_HOST = "$(BUILT_PRODUCTS_DIR)/DeliveryMix.app/$(BUNDLE_EXECUTABLE_FOLDER_PATH)/DeliveryMix";
			};
			name = Release;
		};
		8CA6195A2FC51E8700099925 /* Debug */ = {
			isa = XCBuildConfiguration;
			buildSettings = {
				CODE_SIGN_STYLE = Automatic;
				CURRENT_PROJECT_VERSION = 1;
				GENERATE_INFOPLIST_FILE = YES;
				MARKETING_VERSION = 1.0;
				PRODUCT_BUNDLE_IDENTIFIER = com.jarcos.DeliveryMixUITests;
				PRODUCT_NAME = "$(TARGET_NAME)";
				STRING_CATALOG_GENERATE_SYMBOLS = NO;
				SWIFT_APPROACHABLE_CONCURRENCY = YES;
				SWIFT_EMIT_LOC_STRINGS = NO;
				SWIFT_UPCOMING_FEATURE_MEMBER_IMPORT_VISIBILITY = YES;
				SWIFT_VERSION = 5.0;
				TARGETED_DEVICE_FAMILY = "1,2";
				TEST_TARGET_NAME = DeliveryMix;
			};
			name = Debug;
		};
		8CA6195B2FC51E8700099925 /* Release */ = {
			isa = XCBuildConfiguration;
			buildSettings = {
				CODE_SIGN_STYLE = Automatic;
				CURRENT_PROJECT_VERSION = 1;
				GENERATE_INFOPLIST_FILE = YES;
				MARKETING_VERSION = 1.0;
				PRODUCT_BUNDLE_IDENTIFIER = com.jarcos.DeliveryMixUITests;
				PRODUCT_NAME = "$(TARGET_NAME)";
				STRING_CATALOG_GENERATE_SYMBOLS = NO;
				SWIFT_APPROACHABLE_CONCURRENCY = YES;
				SWIFT_EMIT_LOC_STRINGS = NO;
				SWIFT_UPCOMING_FEATURE_MEMBER_IMPORT_VISIBILITY = YES;
				SWIFT_VERSION = 5.0;
				TARGETED_DEVICE_FAMILY = "1,2";
				TEST_TARGET_NAME = DeliveryMix;
			};
			name = Release;
		};
/* End XCBuildConfiguration section */

/* Begin XCConfigurationList section */
		8CA6192D2FC51E8600099925 /* Build configuration list for PBXProject "DeliveryMix" */ = {
			isa = XCConfigurationList;
			buildConfigurations = (
				8CA619512FC51E8700099925 /* Debug */,
				8CA619522FC51E8700099925 /* Release */,
			);
			defaultConfigurationIsVisible = 0;
			defaultConfigurationName = Release;
		};
		8CA619532FC51E8700099925 /* Build configuration list for PBXNativeTarget "DeliveryMix" */ = {
			isa = XCConfigurationList;
			buildConfigurations = (
				8CA619542FC51E8700099925 /* Debug */,
				8CA619552FC51E8700099925 /* Release */,
			);
			defaultConfigurationIsVisible = 0;
			defaultConfigurationName = Release;
		};
		8CA619562FC51E8700099925 /* Build configuration list for PBXNativeTarget "DeliveryMixTests" */ = {
			isa = XCConfigurationList;
			buildConfigurations = (
				8CA619572FC51E8700099925 /* Debug */,
				8CA619582FC51E8700099925 /* Release */,
			);
			defaultConfigurationIsVisible = 0;
			defaultConfigurationName = Release;
		};
		8CA619592FC51E8700099925 /* Build configuration list for PBXNativeTarget "DeliveryMixUITests" */ = {
			isa = XCConfigurationList;
			buildConfigurations = (
				8CA6195A2FC51E8700099925 /* Debug */,
				8CA6195B2FC51E8700099925 /* Release */,
			);
			defaultConfigurationIsVisible = 0;
			defaultConfigurationName = Release;
		};
/* End XCConfigurationList section */

/* Begin XCLocalSwiftPackageReference section */
		8CA619612FC5600000099925 /* XCLocalSwiftPackageReference "App" */ = {
			isa = XCLocalSwiftPackageReference;
			relativePath = App;
		};
/* End XCLocalSwiftPackageReference section */

/* Begin XCSwiftPackageProductDependency section */
		8CA619622FC5600000099925 /* App */ = {
			isa = XCSwiftPackageProductDependency;
			package = 8CA619612FC5600000099925 /* XCLocalSwiftPackageReference "App" */;
			productName = App;
		};
/* End XCSwiftPackageProductDependency section */
	};
	rootObject = 8CA6192A2FC51E8600099925 /* Project object */;
}
